
Microsoft Visual Studio Solution File, Format Version 12.00
# Visual Studio Version 16
VisualStudioVersion = 16.0.31105.61
MinimumVisualStudioVersion = 10.0.40219.1
Project("{FAE04EC0-301F-11D3-BF4B-00C04F79EFBC}") = "DepartmentUI", "DepartmentUI\DepartmentUI.csproj", "{11EAFA25-04F5-4E14-A6D5-0080A8C8BEEB}"
EndProject
Project("{FAE04EC0-301F-11D3-BF4B-00C04F79EFBC}") = "DepartmentLib", "DepartmentLib\DepartmentLib.csproj", "{84765554-FDB0-45C0-AE6D-D0B83376DE94}"
EndProject
Global
	GlobalSection(SolutionConfigurationPlatforms) = preSolution
		Debug|Any CPU = Debug|Any CPU
		Release|Any CPU = Release|Any CPU
	EndGlobalSection
	GlobalSection(ProjectConfigurationPlatforms) = postSolution
		{11EAFA25-04F5-4E14-A6D5-0080A8C8BEEB}.Debug|Any CPU.ActiveCfg = Debug|Any CPU
		{11EAFA25-04F5-4E14-A6D5-0080A8C8BEEB}.Debug|Any CPU.Build.0 = Debug|Any CPU
		{11EAFA25-04F5-4E14-A6D5-0080A8C8BEEB}.Release|Any CPU.ActiveCfg = Release|Any CPU
		{11EAFA25-04F5-4E14-A6D5-0080A8C8BEEB}.Release|Any CPU.Build.0 = Release|Any CPU
		{84765554-FDB0-45C0-AE6D-D0B83376DE94}.Debug|Any CPU.ActiveCfg = Debug|Any CPU
		{84765554-FDB0-45C0-AE6D-D0B83376DE94}.Debug|Any CPU.Build.0 = Debug|Any CPU
		{84765554-FDB0-45C0-AE6D-D0B83376DE94}.Release|Any CPU.ActiveCfg = Release|Any CPU
		{84765554-FDB0-45C0-AE6D-D0B83376DE94}.Release|Any CPU.Build.0 = Release|Any CPU
	EndGlobalSection
	GlobalSection(SolutionProperties) = preSolution
		HideSolutionNode = FALSE
	EndGlobalSection
	GlobalSection(ExtensibilityGlobals) = postSolution
		SolutionGuid = {D8E2349B-AE50-4CE0-A7E3-1C43EBF69241}
	EndGlobalSection
EndGlobal
